{
  "version": 4,
  "terraform_version": "1.2.7",
  "serial": 56,
  "lineage": "5b0825bc-50f1-6c64-0650-f5ca0936d6f6",
  "outputs": {
    "resource_group_id": {
      "value": "/subscriptions/9e087dff-9c5b-4650-96ee-19cfe5269c5d/resourceGroups/Rg-Hub-WUS",
      "type": "string"
    }
  },
  "resources": [
    {
      "mode": "managed",
      "type": "azurerm_resource_group",
      "name": "rg",
      "provider": "provider[\"registry.terraform.io/hashicorp/azurerm\"]",
      "instances": [
        {
          "schema_version": 0,
          "attributes": {
            "id": "/subscriptions/9e087dff-9c5b-4650-96ee-19cfe5269c5d/resourceGroups/Rg-Hub-WUS",
            "location": "westus",
            "name": "Rg-Hub-WUS",
            "tags": {
              "Environemnt": "Terraform Getting Started",
              "Team": "ADO"
            },
            "timeouts": null
          },
          "sensitive_attributes": [],
          "private": "eyJlMmJmYjczMC1lY2FhLTExZTYtOGY4OC0zNDM2M2JjN2M0YzAiOnsiY3JlYXRlIjo1NDAwMDAwMDAwMDAwLCJkZWxldGUiOjU0MDAwMDAwMDAwMDAsInJlYWQiOjMwMDAwMDAwMDAwMCwidXBkYXRlIjo1NDAwMDAwMDAwMDAwfX0="
        }
      ]
    },
    {
      "mode": "managed",
      "type": "azurerm_virtual_network",
      "name": "vnet",
      "provider": "provider[\"registry.terraform.io/hashicorp/azurerm\"]",
      "instances": [
        {
          "schema_version": 0,
          "attributes": {
            "address_space": [
              "10.15.0.0/24"
            ],
            "bgp_community": "",
            "ddos_protection_plan": [],
            "dns_servers": [],
            "edge_zone": "",
            "flow_timeout_in_minutes": 0,
            "guid": "7af30452-795a-45b5-8e1e-8d7984bcadcc",
            "id": "/subscriptions/9e087dff-9c5b-4650-96ee-19cfe5269c5d/resourceGroups/Rg-Hub-WUS/providers/Microsoft.Network/virtualNetworks/Vnet-Hub-WUS",
            "location": "westus",
            "name": "Vnet-Hub-WUS",
            "resource_group_name": "Rg-Hub-WUS",
            "subnet": [
              {
                "address_prefix": "10.15.0.0/26",
                "id": "/subscriptions/9e087dff-9c5b-4650-96ee-19cfe5269c5d/resourceGroups/Rg-Hub-WUS/providers/Microsoft.Network/virtualNetworks/Vnet-Hub-WUS/subnets/AzureFirewallSubnet",
                "name": "AzureFirewallSubnet",
                "security_group": ""
              },
              {
                "address_prefix": "10.15.0.128/27",
                "id": "/subscriptions/9e087dff-9c5b-4650-96ee-19cfe5269c5d/resourceGroups/Rg-Hub-WUS/providers/Microsoft.Network/virtualNetworks/Vnet-Hub-WUS/subnets/mgmt-subnet",
                "name": "mgmt-subnet",
                "security_group": ""
              },
              {
                "address_prefix": "10.15.0.64/26",
                "id": "/subscriptions/9e087dff-9c5b-4650-96ee-19cfe5269c5d/resourceGroups/Rg-Hub-WUS/providers/Microsoft.Network/virtualNetworks/Vnet-Hub-WUS/subnets/AzureBastionSubnet",
                "name": "AzureBastionSubnet",
                "security_group": ""
              }
            ],
            "tags": {
              "Environemnt": "Terraform Getting Started",
              "Team": "ADO"
            },
            "timeouts": null
          },
          "sensitive_attributes": [],
          "private": "eyJlMmJmYjczMC1lY2FhLTExZTYtOGY4OC0zNDM2M2JjN2M0YzAiOnsiY3JlYXRlIjoxODAwMDAwMDAwMDAwLCJkZWxldGUiOjE4MDAwMDAwMDAwMDAsInJlYWQiOjMwMDAwMDAwMDAwMCwidXBkYXRlIjoxODAwMDAwMDAwMDAwfX0=",
          "dependencies": [
            "azurerm_resource_group.rg"
          ]
        }
      ]
    }
  ]
}
